{
  "name": "estcequecestbientotlajam",
  "lockfileVersion": 3,
  "requires": true,
  "packages": {
    "": {
      "dependencies": {
        "giphy.js": "^1.0.1"
      }
    },
    "node_modules/giphy.js": {
      "version": "1.0.1",
      "resolved": "https://registry.npmjs.org/giphy.js/-/giphy.js-1.0.1.tgz",
      "integrity": "sha512-ybBvvU+UgHkDwy4D3N33ZYyQ02A1+Gx3Zor4xKKNTz2wC6kmQs3jCpTuGbyYjBNwEX5Dl0ifgyPoXF2eX/htSw=="
    }
  }
}
